
Microsoft Visual Studio Solution File, Format Version 12.00
Project("{FAE04EC0-301F-11D3-BF4B-00C04F79EFBC}") = "Zadanie5", "Zadanie5\Zadanie5.csproj", "{508F3D28-CF74-4EAF-83AE-BD6FE77736E8}"
EndProject
Global
	GlobalSection(SolutionConfigurationPlatforms) = preSolution
		Debug|Any CPU = Debug|Any CPU
		Release|Any CPU = Release|Any CPU
	EndGlobalSection
	GlobalSection(ProjectConfigurationPlatforms) = postSolution
		{508F3D28-CF74-4EAF-83AE-BD6FE77736E8}.Debug|Any CPU.ActiveCfg = Debug|Any CPU
		{508F3D28-CF74-4EAF-83AE-BD6FE77736E8}.Debug|Any CPU.Build.0 = Debug|Any CPU
		{508F3D28-CF74-4EAF-83AE-BD6FE77736E8}.Release|Any CPU.ActiveCfg = Release|Any CPU
		{508F3D28-CF74-4EAF-83AE-BD6FE77736E8}.Release|Any CPU.Build.0 = Release|Any CPU
	EndGlobalSection
EndGlobal
